// !$*UTF8*$!
{
	archiveVersion = 1;
	classes = {
	};
	objectVersion = 56;
	objects = {

/* Begin PBXBuildFile section */
		42C0F65C2C11519E00FEA64F /* MiddleGround.swift in Sources */ = {isa = PBXBuildFile; fileRef = 42C0F65B2C11519E00FEA64F /* MiddleGround.swift */; };
		BEAB94702C1147DF00409421 /* HummifyApp.swift in Sources */ = {isa = PBXBuildFile; fileRef = BEAB946F2C1147DF00409421 /* HummifyApp.swift */; };
		BEAB94742C1147E000409421 /* Assets.xcassets in Resources */ = {isa = PBXBuildFile; fileRef = BEAB94732C1147E000409421 /* Assets.xcassets */; };
		BEAB94772C1147E000409421 /* Preview Assets.xcassets in Resources */ = {isa = PBXBuildFile; fileRef = BEAB94762C1147E000409421 /* Preview Assets.xcassets */; };
		BEAB948A2C114AEC00409421 /* HummifyWatchApp.swift in Sources */ = {isa = PBXBuildFile; fileRef = BEAB94892C114AEC00409421 /* HummifyWatchApp.swift */; };
		BEAB948C2C114AEC00409421 /* ContentView.swift in Sources */ = {isa = PBXBuildFile; fileRef = BEAB948B2C114AEC00409421 /* ContentView.swift */; };
		BEAB948E2C114AEE00409421 /* Assets.xcassets in Resources */ = {isa = PBXBuildFile; fileRef = BEAB948D2C114AEE00409421 /* Assets.xcassets */; };
		BEAB94912C114AEE00409421 /* Preview Assets.xcassets in Resources */ = {isa = PBXBuildFile; fileRef = BEAB94902C114AEE00409421 /* Preview Assets.xcassets */; };
		BEAB94942C114AEE00409421 /* HummifyWatch Watch App.app in Embed Watch Content */ = {isa = PBXBuildFile; fileRef = BEAB94872C114AEC00409421 /* HummifyWatch Watch App.app */; settings = {ATTRIBUTES = (RemoveHeadersOnCopy, ); }; };
		BEAB949A2C114B4700409421 /* HumToSearch.swift in Sources */ = {isa = PBXBuildFile; fileRef = BEAB94992C114B4700409421 /* HumToSearch.swift */; };
		BEAB949C2C114B8100409421 /* AccuracyPage.swift in Sources */ = {isa = PBXBuildFile; fileRef = BEAB949B2C114B8100409421 /* AccuracyPage.swift */; };
		BEAB949E2C114BAB00409421 /* WatchSongList.swift in Sources */ = {isa = PBXBuildFile; fileRef = BEAB949D2C114BAB00409421 /* WatchSongList.swift */; };
		BEAB94A02C114BC900409421 /* WatchMusicKit.swift in Sources */ = {isa = PBXBuildFile; fileRef = BEAB949F2C114BC900409421 /* WatchMusicKit.swift */; };
		BEAB94A22C114BDA00409421 /* VocalRange.swift in Sources */ = {isa = PBXBuildFile; fileRef = BEAB94A12C114BDA00409421 /* VocalRange.swift */; };
		BEAB94A42C114BF900409421 /* LowNote.swift in Sources */ = {isa = PBXBuildFile; fileRef = BEAB94A32C114BF900409421 /* LowNote.swift */; };
		BEAB94A62C114C0700409421 /* HighNote.swift in Sources */ = {isa = PBXBuildFile; fileRef = BEAB94A52C114C0700409421 /* HighNote.swift */; };
		BEAB94A82C114C2E00409421 /* SongList.swift in Sources */ = {isa = PBXBuildFile; fileRef = BEAB94A72C114C2E00409421 /* SongList.swift */; };
		BEAB94AA2C114C7800409421 /* HumPage.swift in Sources */ = {isa = PBXBuildFile; fileRef = BEAB94A92C114C7800409421 /* HumPage.swift */; };
		BEAB94AC2C114CF400409421 /* VocalRangePage.swift in Sources */ = {isa = PBXBuildFile; fileRef = BEAB94AB2C114CF400409421 /* VocalRangePage.swift */; };
		BEAB94AE2C114D5E00409421 /* SearchingPage.swift in Sources */ = {isa = PBXBuildFile; fileRef = BEAB94AD2C114D5E00409421 /* SearchingPage.swift */; };
/* End PBXBuildFile section */

/* Begin PBXContainerItemProxy section */
		BEAB94922C114AEE00409421 /* PBXContainerItemProxy */ = {
			isa = PBXContainerItemProxy;
			containerPortal = BEAB94642C1147DF00409421 /* Project object */;
			proxyType = 1;
			remoteGlobalIDString = BEAB94862C114AEC00409421;
			remoteInfo = "HummifyWatch Watch App";
		};
/* End PBXContainerItemProxy section */

/* Begin PBXCopyFilesBuildPhase section */
		BEAB94982C114AEE00409421 /* Embed Watch Content */ = {
			isa = PBXCopyFilesBuildPhase;
			buildActionMask = 2147483647;
			dstPath = "$(CONTENTS_FOLDER_PATH)/Watch";
			dstSubfolderSpec = 16;
			files = (
				BEAB94942C114AEE00409421 /* HummifyWatch Watch App.app in Embed Watch Content */,
			);
			name = "Embed Watch Content";
			runOnlyForDeploymentPostprocessing = 0;
		};
/* End PBXCopyFilesBuildPhase section */

/* Begin PBXFileReference section */
		42C0F65B2C11519E00FEA64F /* MiddleGround.swift */ = {isa = PBXFileReference; lastKnownFileType = sourcecode.swift; path = MiddleGround.swift; sourceTree = "<group>"; };
		BEAB946C2C1147DF00409421 /* Hummify.app */ = {isa = PBXFileReference; explicitFileType = wrapper.application; includeInIndex = 0; path = Hummify.app; sourceTree = BUILT_PRODUCTS_DIR; };
		BEAB946F2C1147DF00409421 /* HummifyApp.swift */ = {isa = PBXFileReference; lastKnownFileType = sourcecode.swift; path = HummifyApp.swift; sourceTree = "<group>"; };
		BEAB94732C1147E000409421 /* Assets.xcassets */ = {isa = PBXFileReference; lastKnownFileType = folder.assetcatalog; path = Assets.xcassets; sourceTree = "<group>"; };
		BEAB94762C1147E000409421 /* Preview Assets.xcassets */ = {isa = PBXFileReference; lastKnownFileType = folder.assetcatalog; path = "Preview Assets.xcassets"; sourceTree = "<group>"; };
		BEAB94872C114AEC00409421 /* HummifyWatch Watch App.app */ = {isa = PBXFileReference; explicitFileType = wrapper.application; includeInIndex = 0; path = "HummifyWatch Watch App.app"; sourceTree = BUILT_PRODUCTS_DIR; };
		BEAB94892C114AEC00409421 /* HummifyWatchApp.swift */ = {isa = PBXFileReference; lastKnownFileType = sourcecode.swift; path = HummifyWatchApp.swift; sourceTree = "<group>"; };
		BEAB948B2C114AEC00409421 /* ContentView.swift */ = {isa = PBXFileReference; lastKnownFileType = sourcecode.swift; path = ContentView.swift; sourceTree = "<group>"; };
		BEAB948D2C114AEE00409421 /* Assets.xcassets */ = {isa = PBXFileReference; lastKnownFileType = folder.assetcatalog; path = Assets.xcassets; sourceTree = "<group>"; };
		BEAB94902C114AEE00409421 /* Preview Assets.xcassets */ = {isa = PBXFileReference; lastKnownFileType = folder.assetcatalog; path = "Preview Assets.xcassets"; sourceTree = "<group>"; };
		BEAB94992C114B4700409421 /* HumToSearch.swift */ = {isa = PBXFileReference; lastKnownFileType = sourcecode.swift; path = HumToSearch.swift; sourceTree = "<group>"; };
		BEAB949B2C114B8100409421 /* AccuracyPage.swift */ = {isa = PBXFileReference; lastKnownFileType = sourcecode.swift; path = AccuracyPage.swift; sourceTree = SOURCE_ROOT; };
		BEAB949D2C114BAB00409421 /* WatchSongList.swift */ = {isa = PBXFileReference; lastKnownFileType = sourcecode.swift; path = WatchSongList.swift; sourceTree = SOURCE_ROOT; };
		BEAB949F2C114BC900409421 /* WatchMusicKit.swift */ = {isa = PBXFileReference; lastKnownFileType = sourcecode.swift; path = WatchMusicKit.swift; sourceTree = SOURCE_ROOT; };
		BEAB94A12C114BDA00409421 /* VocalRange.swift */ = {isa = PBXFileReference; lastKnownFileType = sourcecode.swift; path = VocalRange.swift; sourceTree = SOURCE_ROOT; };
		BEAB94A32C114BF900409421 /* LowNote.swift */ = {isa = PBXFileReference; lastKnownFileType = sourcecode.swift; path = LowNote.swift; sourceTree = SOURCE_ROOT; };
		BEAB94A52C114C0700409421 /* HighNote.swift */ = {isa = PBXFileReference; lastKnownFileType = sourcecode.swift; path = HighNote.swift; sourceTree = SOURCE_ROOT; };
		BEAB94A72C114C2E00409421 /* SongList.swift */ = {isa = PBXFileReference; lastKnownFileType = sourcecode.swift; path = SongList.swift; sourceTree = "<group>"; };
		BEAB94A92C114C7800409421 /* HumPage.swift */ = {isa = PBXFileReference; lastKnownFileType = sourcecode.swift; path = HumPage.swift; sourceTree = SOURCE_ROOT; };
		BEAB94AB2C114CF400409421 /* VocalRangePage.swift */ = {isa = PBXFileReference; lastKnownFileType = sourcecode.swift; path = VocalRangePage.swift; sourceTree = SOURCE_ROOT; };
		BEAB94AD2C114D5E00409421 /* SearchingPage.swift */ = {isa = PBXFileReference; lastKnownFileType = sourcecode.swift; path = SearchingPage.swift; sourceTree = SOURCE_ROOT; };
/* End PBXFileReference section */

/* Begin PBXFrameworksBuildPhase section */
		BEAB94692C1147DF00409421 /* Frameworks */ = {
			isa = PBXFrameworksBuildPhase;
			buildActionMask = 2147483647;
			files = (
			);
			runOnlyForDeploymentPostprocessing = 0;
		};
		BEAB94842C114AEC00409421 /* Frameworks */ = {
			isa = PBXFrameworksBuildPhase;
			buildActionMask = 2147483647;
			files = (
			);
			runOnlyForDeploymentPostprocessing = 0;
		};
/* End PBXFrameworksBuildPhase section */

/* Begin PBXGroup section */
		BEAB94632C1147DF00409421 = {
			isa = PBXGroup;
			children = (
				BEAB946E2C1147DF00409421 /* Hummify */,
				BEAB94882C114AEC00409421 /* HummifyWatch Watch App */,
				BEAB946D2C1147DF00409421 /* Products */,
			);
			sourceTree = "<group>";
		};
		BEAB946D2C1147DF00409421 /* Products */ = {
			isa = PBXGroup;
			children = (
				BEAB946C2C1147DF00409421 /* Hummify.app */,
				BEAB94872C114AEC00409421 /* HummifyWatch Watch App.app */,
			);
			name = Products;
			sourceTree = "<group>";
		};
		BEAB946E2C1147DF00409421 /* Hummify */ = {
			isa = PBXGroup;
			children = (
				BEAB946F2C1147DF00409421 /* HummifyApp.swift */,
				42C0F65B2C11519E00FEA64F /* MiddleGround.swift */,
				BEAB94A92C114C7800409421 /* HumPage.swift */,
				BEAB94A72C114C2E00409421 /* SongList.swift */,
				BEAB94AD2C114D5E00409421 /* SearchingPage.swift */,
				BEAB94AB2C114CF400409421 /* VocalRangePage.swift */,
				BEAB94732C1147E000409421 /* Assets.xcassets */,
				BEAB94752C1147E000409421 /* Preview Content */,
			);
			path = Hummify;
			sourceTree = "<group>";
		};
		BEAB94752C1147E000409421 /* Preview Content */ = {
			isa = PBXGroup;
			children = (
				BEAB94762C1147E000409421 /* Preview Assets.xcassets */,
			);
			path = "Preview Content";
			sourceTree = "<group>";
		};
		BEAB94882C114AEC00409421 /* HummifyWatch Watch App */ = {
			isa = PBXGroup;
			children = (
				BEAB94892C114AEC00409421 /* HummifyWatchApp.swift */,
				BEAB948B2C114AEC00409421 /* ContentView.swift */,
				BEAB94992C114B4700409421 /* HumToSearch.swift */,
				BEAB949B2C114B8100409421 /* AccuracyPage.swift */,
				BEAB949D2C114BAB00409421 /* WatchSongList.swift */,
				BEAB949F2C114BC900409421 /* WatchMusicKit.swift */,
				BEAB94A12C114BDA00409421 /* VocalRange.swift */,
				BEAB94A32C114BF900409421 /* LowNote.swift */,
				BEAB94A52C114C0700409421 /* HighNote.swift */,
				BEAB948D2C114AEE00409421 /* Assets.xcassets */,
				BEAB948F2C114AEE00409421 /* Preview Content */,
			);
			path = "HummifyWatch Watch App";
			sourceTree = "<group>";
		};
		BEAB948F2C114AEE00409421 /* Preview Content */ = {
			isa = PBXGroup;
			children = (
				BEAB94902C114AEE00409421 /* Preview Assets.xcassets */,
			);
			path = "Preview Content";
			sourceTree = "<group>";
		};
/* End PBXGroup section */

/* Begin PBXNativeTarget section */
		BEAB946B2C1147DF00409421 /* Hummify */ = {
			isa = PBXNativeTarget;
			buildConfigurationList = BEAB947A2C1147E000409421 /* Build configuration list for PBXNativeTarget "Hummify" */;
			buildPhases = (
				BEAB94682C1147DF00409421 /* Sources */,
				BEAB94692C1147DF00409421 /* Frameworks */,
				BEAB946A2C1147DF00409421 /* Resources */,
				BEAB94982C114AEE00409421 /* Embed Watch Content */,
			);
			buildRules = (
			);
			dependencies = (
				BEAB94932C114AEE00409421 /* PBXTargetDependency */,
			);
			name = Hummify;
			productName = Hummify;
			productReference = BEAB946C2C1147DF00409421 /* Hummify.app */;
			productType = "com.apple.product-type.application";
		};
		BEAB94862C114AEC00409421 /* HummifyWatch Watch App */ = {
			isa = PBXNativeTarget;
			buildConfigurationList = BEAB94952C114AEE00409421 /* Build configuration list for PBXNativeTarget "HummifyWatch Watch App" */;
			buildPhases = (
				BEAB94832C114AEC00409421 /* Sources */,
				BEAB94842C114AEC00409421 /* Frameworks */,
				BEAB94852C114AEC00409421 /* Resources */,
			);
			buildRules = (
			);
			dependencies = (
			);
			name = "HummifyWatch Watch App";
			productName = "HummifyWatch Watch App";
			productReference = BEAB94872C114AEC00409421 /* HummifyWatch Watch App.app */;
			productType = "com.apple.product-type.application";
		};
/* End PBXNativeTarget section */

/* Begin PBXProject section */
		BEAB94642C1147DF00409421 /* Project object */ = {
			isa = PBXProject;
			attributes = {
				BuildIndependentTargetsInParallel = 1;
				LastSwiftUpdateCheck = 1530;
				LastUpgradeCheck = 1530;
				TargetAttributes = {
					BEAB946B2C1147DF00409421 = {
						CreatedOnToolsVersion = 15.3;
					};
					BEAB94862C114AEC00409421 = {
						CreatedOnToolsVersion = 15.3;
					};
				};
			};
			buildConfigurationList = BEAB94672C1147DF00409421 /* Build configuration list for PBXProject "Hummify" */;
			compatibilityVersion = "Xcode 14.0";
			developmentRegion = en;
			hasScannedForEncodings = 0;
			knownRegions = (
				en,
				Base,
			);
			mainGroup = BEAB94632C1147DF00409421;
			productRefGroup = BEAB946D2C1147DF00409421 /* Products */;
			projectDirPath = "";
			projectRoot = "";
			targets = (
				BEAB946B2C1147DF00409421 /* Hummify */,
				BEAB94862C114AEC00409421 /* HummifyWatch Watch App */,
			);
		};
/* End PBXProject section */

/* Begin PBXResourcesBuildPhase section */
		BEAB946A2C1147DF00409421 /* Resources */ = {
			isa = PBXResourcesBuildPhase;
			buildActionMask = 2147483647;
			files = (
				BEAB94772C1147E000409421 /* Preview Assets.xcassets in Resources */,
				BEAB94742C1147E000409421 /* Assets.xcassets in Resources */,
			);
			runOnlyForDeploymentPostprocessing = 0;
		};
		BEAB94852C114AEC00409421 /* Resources */ = {
			isa = PBXResourcesBuildPhase;
			buildActionMask = 2147483647;
			files = (
				BEAB94912C114AEE00409421 /* Preview Assets.xcassets in Resources */,
				BEAB948E2C114AEE00409421 /* Assets.xcassets in Resources */,
			);
			runOnlyForDeploymentPostprocessing = 0;
		};
/* End PBXResourcesBuildPhase section */

/* Begin PBXSourcesBuildPhase section */
		BEAB94682C1147DF00409421 /* Sources */ = {
			isa = PBXSourcesBuildPhase;
			buildActionMask = 2147483647;
			files = (
				BEAB94A82C114C2E00409421 /* SongList.swift in Sources */,
				BEAB94AC2C114CF400409421 /* VocalRangePage.swift in Sources */,
				BEAB94702C1147DF00409421 /* HummifyApp.swift in Sources */,
				BEAB94AA2C114C7800409421 /* HumPage.swift in Sources */,
				BEAB94AE2C114D5E00409421 /* SearchingPage.swift in Sources */,
				42C0F65C2C11519E00FEA64F /* MiddleGround.swift in Sources */,
			);
			runOnlyForDeploymentPostprocessing = 0;
		};
		BEAB94832C114AEC00409421 /* Sources */ = {
			isa = PBXSourcesBuildPhase;
			buildActionMask = 2147483647;
			files = (
				BEAB94A42C114BF900409421 /* LowNote.swift in Sources */,
				BEAB948C2C114AEC00409421 /* ContentView.swift in Sources */,
				BEAB949C2C114B8100409421 /* AccuracyPage.swift in Sources */,
				BEAB94A02C114BC900409421 /* WatchMusicKit.swift in Sources */,
				BEAB949E2C114BAB00409421 /* WatchSongList.swift in Sources */,
				BEAB94A62C114C0700409421 /* HighNote.swift in Sources */,
				BEAB949A2C114B4700409421 /* HumToSearch.swift in Sources */,
				BEAB948A2C114AEC00409421 /* HummifyWatchApp.swift in Sources */,
				BEAB94A22C114BDA00409421 /* VocalRange.swift in Sources */,
			);
			runOnlyForDeploymentPostprocessing = 0;
		};
/* End PBXSourcesBuildPhase section */

/* Begin PBXTargetDependency section */
		BEAB94932C114AEE00409421 /* PBXTargetDependency */ = {
			isa = PBXTargetDependency;
			target = BEAB94862C114AEC00409421 /* HummifyWatch Watch App */;
			targetProxy = BEAB94922C114AEE00409421 /* PBXContainerItemProxy */;
		};
/* End PBXTargetDependency section */

/* Begin XCBuildConfiguration section */
		BEAB94782C1147E000409421 /* Debug */ = {
			isa = XCBuildConfiguration;
			buildSettings = {
				ALWAYS_SEARCH_USER_PATHS = NO;
				ASSETCATALOG_COMPILER_GENERATE_SWIFT_ASSET_SYMBOL_EXTENSIONS = YES;
				CLANG_ANALYZER_NONNULL = YES;
				CLANG_ANALYZER_NUMBER_OBJECT_CONVERSION = YES_AGGRESSIVE;
				CLANG_CXX_LANGUAGE_STANDARD = "gnu++20";
				CLANG_ENABLE_MODULES = YES;
				CLANG_ENABLE_OBJC_ARC = YES;
				CLANG_ENABLE_OBJC_WEAK = YES;
				CLANG_WARN_BLOCK_CAPTURE_AUTORELEASING = YES;
				CLANG_WARN_BOOL_CONVERSION = YES;
				CLANG_WARN_COMMA = YES;
				CLANG_WARN_CONSTANT_CONVERSION = YES;
				CLANG_WARN_DEPRECATED_OBJC_IMPLEMENTATIONS = YES;
				CLANG_WARN_DIRECT_OBJC_ISA_USAGE = YES_ERROR;
				CLANG_WARN_DOCUMENTATION_COMMENTS = YES;
				CLANG_WARN_EMPTY_BODY = YES;
				CLANG_WARN_ENUM_CONVERSION = YES;
				CLANG_WARN_INFINITE_RECURSION = YES;
				CLANG_WARN_INT_CONVERSION = YES;
				CLANG_WARN_NON_LITERAL_NULL_CONVERSION = YES;
				CLANG_WARN_OBJC_IMPLICIT_RETAIN_SELF = YES;
				CLANG_WARN_OBJC_LITERAL_CONVERSION = YES;
				CLANG_WARN_OBJC_ROOT_CLASS = YES_ERROR;
				CLANG_WARN_QUOTED_INCLUDE_IN_FRAMEWORK_HEADER = YES;
				CLANG_WARN_RANGE_LOOP_ANALYSIS = YES;
				CLANG_WARN_STRICT_PROTOTYPES = YES;
				CLANG_WARN_SUSPICIOUS_MOVE = YES;
				CLANG_WARN_UNGUARDED_AVAILABILITY = YES_AGGRESSIVE;
				CLANG_WARN_UNREACHABLE_CODE = YES;
				CLANG_WARN__DUPLICATE_METHOD_MATCH = YES;
				COPY_PHASE_STRIP = NO;
				DEBUG_INFORMATION_FORMAT = dwarf;
				ENABLE_STRICT_OBJC_MSGSEND = YES;
				ENABLE_TESTABILITY = YES;
				ENABLE_USER_SCRIPT_SANDBOXING = YES;
				GCC_C_LANGUAGE_STANDARD = gnu17;
				GCC_DYNAMIC_NO_PIC = NO;
				GCC_NO_COMMON_BLOCKS = YES;
				GCC_OPTIMIZATION_LEVEL = 0;
				GCC_PREPROCESSOR_DEFINITIONS = (
					"DEBUG=1",
					"$(inherited)",
				);
				GCC_WARN_64_TO_32_BIT_CONVERSION = YES;
				GCC_WARN_ABOUT_RETURN_TYPE = YES_ERROR;
				GCC_WARN_UNDECLARED_SELECTOR = YES;
				GCC_WARN_UNINITIALIZED_AUTOS = YES_AGGRESSIVE;
				GCC_WARN_UNUSED_FUNCTION = YES;
				GCC_WARN_UNUSED_VARIABLE = YES;
				IPHONEOS_DEPLOYMENT_TARGET = 17.4;
				LOCALIZATION_PREFERS_STRING_CATALOGS = YES;
				MTL_ENABLE_DEBUG_INFO = INCLUDE_SOURCE;
				MTL_FAST_MATH = YES;
				ONLY_ACTIVE_ARCH = YES;
				SDKROOT = iphoneos;
				SWIFT_ACTIVE_COMPILATION_CONDITIONS = "DEBUG $(inherited)";
				SWIFT_OPTIMIZATION_LEVEL = "-Onone";
			};
			name = Debug;
		};
		BEAB94792C1147E000409421 /* Release */ = {
			isa = XCBuildConfiguration;
			buildSettings = {
				ALWAYS_SEARCH_USER_PATHS = NO;
				ASSETCATALOG_COMPILER_GENERATE_SWIFT_ASSET_SYMBOL_EXTENSIONS = YES;
				CLANG_ANALYZER_NONNULL = YES;
				CLANG_ANALYZER_NUMBER_OBJECT_CONVERSION = YES_AGGRESSIVE;
				CLANG_CXX_LANGUAGE_STANDARD = "gnu++20";
				CLANG_ENABLE_MODULES = YES;
				CLANG_ENABLE_OBJC_ARC = YES;
				CLANG_ENABLE_OBJC_WEAK = YES;
				CLANG_WARN_BLOCK_CAPTURE_AUTORELEASING = YES;
				CLANG_WARN_BOOL_CONVERSION = YES;
				CLANG_WARN_COMMA = YES;
				CLANG_WARN_CONSTANT_CONVERSION = YES;
				CLANG_WARN_DEPRECATED_OBJC_IMPLEMENTATIONS = YES;
				CLANG_WARN_DIRECT_OBJC_ISA_USAGE = YES_ERROR;
				CLANG_WARN_DOCUMENTATION_COMMENTS = YES;
				CLANG_WARN_EMPTY_BODY = YES;
				CLANG_WARN_ENUM_CONVERSION = YES;
				CLANG_WARN_INFINITE_RECURSION = YES;
				CLANG_WARN_INT_CONVERSION = YES;
				CLANG_WARN_NON_LITERAL_NULL_CONVERSION = YES;
				CLANG_WARN_OBJC_IMPLICIT_RETAIN_SELF = YES;
				CLANG_WARN_OBJC_LITERAL_CONVERSION = YES;
				CLANG_WARN_OBJC_ROOT_CLASS = YES_ERROR;
				CLANG_WARN_QUOTED_INCLUDE_IN_FRAMEWORK_HEADER = YES;
				CLANG_WARN_RANGE_LOOP_ANALYSIS = YES;
				CLANG_WARN_STRICT_PROTOTYPES = YES;
				CLANG_WARN_SUSPICIOUS_MOVE = YES;
				CLANG_WARN_UNGUARDED_AVAILABILITY = YES_AGGRESSIVE;
				CLANG_WARN_UNREACHABLE_CODE = YES;
				CLANG_WARN__DUPLICATE_METHOD_MATCH = YES;
				COPY_PHASE_STRIP = NO;
				DEBUG_INFORMATION_FORMAT = "dwarf-with-dsym";
				ENABLE_NS_ASSERTIONS = NO;
				ENABLE_STRICT_OBJC_MSGSEND = YES;
				ENABLE_USER_SCRIPT_SANDBOXING = YES;
				GCC_C_LANGUAGE_STANDARD = gnu17;
				GCC_NO_COMMON_BLOCKS = YES;
				GCC_WARN_64_TO_32_BIT_CONVERSION = YES;
				GCC_WARN_ABOUT_RETURN_TYPE = YES_ERROR;
				GCC_WARN_UNDECLARED_SELECTOR = YES;
				GCC_WARN_UNINITIALIZED_AUTOS = YES_AGGRESSIVE;
				GCC_WARN_UNUSED_FUNCTION = YES;
				GCC_WARN_UNUSED_VARIABLE = YES;
				IPHONEOS_DEPLOYMENT_TARGET = 17.4;
				LOCALIZATION_PREFERS_STRING_CATALOGS = YES;
				MTL_ENABLE_DEBUG_INFO = NO;
				MTL_FAST_MATH = YES;
				SDKROOT = iphoneos;
				SWIFT_COMPILATION_MODE = wholemodule;
				VALIDATE_PRODUCT = YES;
			};
			name = Release;
		};
		BEAB947B2C1147E000409421 /* Debug */ = {
			isa = XCBuildConfiguration;
			buildSettings = {
				ALWAYS_EMBED_SWIFT_STANDARD_LIBRARIES = YES;
				ASSETCATALOG_COMPILER_APPICON_NAME = AppIcon;
				ASSETCATALOG_COMPILER_GLOBAL_ACCENT_COLOR_NAME = AccentColor;
				CODE_SIGN_IDENTITY = "Apple Development";
				CODE_SIGN_STYLE = Automatic;
				CURRENT_PROJECT_VERSION = 1;
				DEVELOPMENT_ASSET_PATHS = "\"Hummify/Preview Content\"";
				DEVELOPMENT_TEAM = 59XW7Z84R6;
				ENABLE_PREVIEWS = YES;
				GENERATE_INFOPLIST_FILE = YES;
				INFOPLIST_KEY_NSAppleMusicUsageDescription = "Please Allow The Usage of Your Music Library";
				INFOPLIST_KEY_NSMicrophoneUsageDescription = "Please Allow The Usage of Your Microphone";
				INFOPLIST_KEY_UIApplicationSceneManifest_Generation = YES;
				INFOPLIST_KEY_UIApplicationSupportsIndirectInputEvents = YES;
				INFOPLIST_KEY_UILaunchScreen_Generation = YES;
				INFOPLIST_KEY_UISupportedInterfaceOrientations_iPad = "UIInterfaceOrientationPortrait UIInterfaceOrientationPortraitUpsideDown UIInterfaceOrientationLandscapeLeft UIInterfaceOrientationLandscapeRight";
				INFOPLIST_KEY_UISupportedInterfaceOrientations_iPhone = "UIInterfaceOrientationPortrait UIInterfaceOrientationLandscapeLeft UIInterfaceOrientationLandscapeRight";
				LD_RUNPATH_SEARCH_PATHS = (
					"$(inherited)",
					"@executable_path/Frameworks",
				);
				MARKETING_VERSION = 1.0;
				PRODUCT_BUNDLE_IDENTIFIER = Calvin.Hummify;
				PRODUCT_NAME = "$(TARGET_NAME)";
				PROVISIONING_PROFILE_SPECIFIER = "";
				SWIFT_EMIT_LOC_STRINGS = YES;
				SWIFT_VERSION = 5.0;
				TARGETED_DEVICE_FAMILY = "1,2";
			};
			name = Debug;
		};
		BEAB947C2C1147E000409421 /* Release */ = {
			isa = XCBuildConfiguration;
			buildSettings = {
				ALWAYS_EMBED_SWIFT_STANDARD_LIBRARIES = YES;
				ASSETCATALOG_COMPILER_APPICON_NAME = AppIcon;
				ASSETCATALOG_COMPILER_GLOBAL_ACCENT_COLOR_NAME = AccentColor;
				CODE_SIGN_IDENTITY = "Apple Development";
				CODE_SIGN_STYLE = Automatic;
				CURRENT_PROJECT_VERSION = 1;
				DEVELOPMENT_ASSET_PATHS = "\"Hummify/Preview Content\"";
				DEVELOPMENT_TEAM = 59XW7Z84R6;
				ENABLE_PREVIEWS = YES;
				GENERATE_INFOPLIST_FILE = YES;
				INFOPLIST_KEY_NSAppleMusicUsageDescription = "Please Allow The Usage of Your Music Library";
				INFOPLIST_KEY_NSMicrophoneUsageDescription = "Please Allow The Usage of Your Microphone";
				INFOPLIST_KEY_UIApplicationSceneManifest_Generation = YES;
				INFOPLIST_KEY_UIApplicationSupportsIndirectInputEvents = YES;
				INFOPLIST_KEY_UILaunchScreen_Generation = YES;
				INFOPLIST_KEY_UISupportedInterfaceOrientations_iPad = "UIInterfaceOrientationPortrait UIInterfaceOrientationPortraitUpsideDown UIInterfaceOrientationLandscapeLeft UIInterfaceOrientationLandscapeRight";
				INFOPLIST_KEY_UISupportedInterfaceOrientations_iPhone = "UIInterfaceOrientationPortrait UIInterfaceOrientationLandscapeLeft UIInterfaceOrientationLandscapeRight";
				LD_RUNPATH_SEARCH_PATHS = (
					"$(inherited)",
					"@executable_path/Frameworks",
				);
				MARKETING_VERSION = 1.0;
				PRODUCT_BUNDLE_IDENTIFIER = Calvin.Hummify;
				PRODUCT_NAME = "$(TARGET_NAME)";
				PROVISIONING_PROFILE_SPECIFIER = "";
				SWIFT_EMIT_LOC_STRINGS = YES;
				SWIFT_VERSION = 5.0;
				TARGETED_DEVICE_FAMILY = "1,2";
			};
			name = Release;
		};
		BEAB94962C114AEE00409421 /* Debug */ = {
			isa = XCBuildConfiguration;
			buildSettings = {
				ASSETCATALOG_COMPILER_APPICON_NAME = AppIcon;
				ASSETCATALOG_COMPILER_GLOBAL_ACCENT_COLOR_NAME = AccentColor;
				CODE_SIGN_IDENTITY = "Apple Development";
				CODE_SIGN_STYLE = Automatic;
				CURRENT_PROJECT_VERSION = 1;
				DEVELOPMENT_ASSET_PATHS = "\"HummifyWatch Watch App/Preview Content\"";
				DEVELOPMENT_TEAM = 59XW7Z84R6;
				ENABLE_PREVIEWS = YES;
				GENERATE_INFOPLIST_FILE = YES;
				INFOPLIST_KEY_CFBundleDisplayName = HummifyWatch;
				INFOPLIST_KEY_UISupportedInterfaceOrientations = "UIInterfaceOrientationPortrait UIInterfaceOrientationPortraitUpsideDown";
				INFOPLIST_KEY_WKCompanionAppBundleIdentifier = Calvin.Hummify;
				LD_RUNPATH_SEARCH_PATHS = (
					"$(inherited)",
					"@executable_path/Frameworks",
				);
				MARKETING_VERSION = 1.0;
				PRODUCT_BUNDLE_IDENTIFIER = Calvin.Hummify.watchkitapp;
				PRODUCT_NAME = "$(TARGET_NAME)";
				SDKROOT = watchos;
				SKIP_INSTALL = YES;
				SWIFT_EMIT_LOC_STRINGS = YES;
				SWIFT_VERSION = 5.0;
				TARGETED_DEVICE_FAMILY = 4;
				WATCHOS_DEPLOYMENT_TARGET = 10.4;
			};
			name = Debug;
		};
		BEAB94972C114AEE00409421 /* Release */ = {
			isa = XCBuildConfiguration;
			buildSettings = {
				ASSETCATALOG_COMPILER_APPICON_NAME = AppIcon;
				ASSETCATALOG_COMPILER_GLOBAL_ACCENT_COLOR_NAME = AccentColor;
				CODE_SIGN_IDENTITY = "Apple Development";
				CODE_SIGN_STYLE = Automatic;
				CURRENT_PROJECT_VERSION = 1;
				DEVELOPMENT_ASSET_PATHS = "\"HummifyWatch Watch App/Preview Content\"";
				DEVELOPMENT_TEAM = 59XW7Z84R6;
				ENABLE_PREVIEWS = YES;
				GENERATE_INFOPLIST_FILE = YES;
				INFOPLIST_KEY_CFBundleDisplayName = HummifyWatch;
				INFOPLIST_KEY_UISupportedInterfaceOrientations = "UIInterfaceOrientationPortrait UIInterfaceOrientationPortraitUpsideDown";
				INFOPLIST_KEY_WKCompanionAppBundleIdentifier = Calvin.Hummify;
				LD_RUNPATH_SEARCH_PATHS = (
					"$(inherited)",
					"@executable_path/Frameworks",
				);
				MARKETING_VERSION = 1.0;
				PRODUCT_BUNDLE_IDENTIFIER = Calvin.Hummify.watchkitapp;
				PRODUCT_NAME = "$(TARGET_NAME)";
				SDKROOT = watchos;
				SKIP_INSTALL = YES;
				SWIFT_EMIT_LOC_STRINGS = YES;
				SWIFT_VERSION = 5.0;
				TARGETED_DEVICE_FAMILY = 4;
				WATCHOS_DEPLOYMENT_TARGET = 10.4;
			};
			name = Release;
		};
/* End XCBuildConfiguration section */

/* Begin XCConfigurationList section */
		BEAB94672C1147DF00409421 /* Build configuration list for PBXProject "Hummify" */ = {
			isa = XCConfigurationList;
			buildConfigurations = (
				BEAB94782C1147E000409421 /* Debug */,
				BEAB94792C1147E000409421 /* Release */,
			);
			defaultConfigurationIsVisible = 0;
			defaultConfigurationName = Release;
		};
		BEAB947A2C1147E000409421 /* Build configuration list for PBXNativeTarget "Hummify" */ = {
			isa = XCConfigurationList;
			buildConfigurations = (
				BEAB947B2C1147E000409421 /* Debug */,
				BEAB947C2C1147E000409421 /* Release */,
			);
			defaultConfigurationIsVisible = 0;
			defaultConfigurationName = Release;
		};
		BEAB94952C114AEE00409421 /* Build configuration list for PBXNativeTarget "HummifyWatch Watch App" */ = {
			isa = XCConfigurationList;
			buildConfigurations = (
				BEAB94962C114AEE00409421 /* Debug */,
				BEAB94972C114AEE00409421 /* Release */,
			);
			defaultConfigurationIsVisible = 0;
			defaultConfigurationName = Release;
		};
/* End XCConfigurationList section */
	};
	rootObject = BEAB94642C1147DF00409421 /* Project object */;
}
